// !$*UTF8*$!
{
	archiveVersion = 1;
	classes = {
	};
	objectVersion = 50;
	objects = {

/* Begin PBXBuildFile section */
		4468D48121729C6A005D2B45 /* AppDelegate.swift in Sources */ = {isa = PBXBuildFile; fileRef = 4468D48021729C6A005D2B45 /* AppDelegate.swift */; };
		4468D48321729C6A005D2B45 /* ViewController.swift in Sources */ = {isa = PBXBuildFile; fileRef = 4468D48221729C6A005D2B45 /* ViewController.swift */; };
		4468D48621729C6A005D2B45 /* Main.storyboard in Resources */ = {isa = PBXBuildFile; fileRef = 4468D48421729C6A005D2B45 /* Main.storyboard */; };
		4468D48821729C6D005D2B45 /* Assets.xcassets in Resources */ = {isa = PBXBuildFile; fileRef = 4468D48721729C6D005D2B45 /* Assets.xcassets */; };
		4468D48B21729C6D005D2B45 /* LaunchScreen.storyboard in Resources */ = {isa = PBXBuildFile; fileRef = 4468D48921729C6D005D2B45 /* LaunchScreen.storyboard */; };
		4468D49621729C6D005D2B45 /* FlashcardsTests.swift in Sources */ = {isa = PBXBuildFile; fileRef = 4468D49521729C6D005D2B45 /* FlashcardsTests.swift */; };
		4468D4A121729C6D005D2B45 /* FlashcardsUITests.swift in Sources */ = {isa = PBXBuildFile; fileRef = 4468D4A021729C6D005D2B45 /* FlashcardsUITests.swift */; };
/* End PBXBuildFile section */

/* Begin PBXContainerItemProxy section */
		4468D49221729C6D005D2B45 /* PBXContainerItemProxy */ = {
			isa = PBXContainerItemProxy;
			containerPortal = 4468D47521729C6A005D2B45 /* Project object */;
			proxyType = 1;
			remoteGlobalIDString = 4468D47C21729C6A005D2B45;
			remoteInfo = Flashcards;
		};
		4468D49D21729C6D005D2B45 /* PBXContainerItemProxy */ = {
			isa = PBXContainerItemProxy;
			containerPortal = 4468D47521729C6A005D2B45 /* Project object */;
			proxyType = 1;
			remoteGlobalIDString = 4468D47C21729C6A005D2B45;
			remoteInfo = Flashcards;
		};
/* End PBXContainerItemProxy section */

/* Begin PBXFileReference section */
		4468D47D21729C6A005D2B45 /* Flashcards.app */ = {isa = PBXFileReference; explicitFileType = wrapper.application; includeInIndex = 0; path = Flashcards.app; sourceTree = BUILT_PRODUCTS_DIR; };
		4468D48021729C6A005D2B45 /* AppDelegate.swift */ = {isa = PBXFileReference; lastKnownFileType = sourcecode.swift; path = AppDelegate.swift; sourceTree = "<group>"; };
		4468D48221729C6A005D2B45 /* ViewController.swift */ = {isa = PBXFileReference; lastKnownFileType = sourcecode.swift; path = ViewController.swift; sourceTree = "<group>"; };
		4468D48521729C6A005D2B45 /* Base */ = {isa = PBXFileReference; lastKnownFileType = file.storyboard; name = Base; path = Base.lproj/Main.storyboard; sourceTree = "<group>"; };
		4468D48721729C6D005D2B45 /* Assets.xcassets */ = {isa = PBXFileReference; lastKnownFileType = folder.assetcatalog; path = Assets.xcassets; sourceTree = "<group>"; };
		4468D48A21729C6D005D2B45 /* Base */ = {isa = PBXFileReference; lastKnownFileType = file.storyboard; name = Base; path = Base.lproj/LaunchScreen.storyboard; sourceTree = "<group>"; };
		4468D48C21729C6D005D2B45 /* Info.plist */ = {isa = PBXFileReference; lastKnownFileType = text.plist.xml; path = Info.plist; sourceTree = "<group>"; };
		4468D49121729C6D005D2B45 /* FlashcardsTests.xctest */ = {isa = PBXFileReference; explicitFileType = wrapper.cfbundle; includeInIndex = 0; path = FlashcardsTests.xctest; sourceTree = BUILT_PRODUCTS_DIR; };
		4468D49521729C6D005D2B45 /* FlashcardsTests.swift */ = {isa = PBXFileReference; lastKnownFileType = sourcecode.swift; path = FlashcardsTests.swift; sourceTree = "<group>"; };
		4468D49721729C6D005D2B45 /* Info.plist */ = {isa = PBXFileReference; lastKnownFileType = text.plist.xml; path = Info.plist; sourceTree = "<group>"; };
		4468D49C21729C6D005D2B45 /* FlashcardsUITests.xctest */ = {isa = PBXFileReference; explicitFileType = wrapper.cfbundle; includeInIndex = 0; path = FlashcardsUITests.xctest; sourceTree = BUILT_PRODUCTS_DIR; };
		4468D4A021729C6D005D2B45 /* FlashcardsUITests.swift */ = {isa = PBXFileReference; lastKnownFileType = sourcecode.swift; path = FlashcardsUITests.swift; sourceTree = "<group>"; };
		4468D4A221729C6D005D2B45 /* Info.plist */ = {isa = PBXFileReference; lastKnownFileType = text.plist.xml; path = Info.plist; sourceTree = "<group>"; };
/* End PBXFileReference section */

/* Begin PBXFrameworksBuildPhase section */
		4468D47A21729C6A005D2B45 /* Frameworks */ = {
			isa = PBXFrameworksBuildPhase;
			buildActionMask = 2147483647;
			files = (
			);
			runOnlyForDeploymentPostprocessing = 0;
		};
		4468D48E21729C6D005D2B45 /* Frameworks */ = {
			isa = PBXFrameworksBuildPhase;
			buildActionMask = 2147483647;
			files = (
			);
			runOnlyForDeploymentPostprocessing = 0;
		};
		4468D49921729C6D005D2B45 /* Frameworks */ = {
			isa = PBXFrameworksBuildPhase;
			buildActionMask = 2147483647;
			files = (
			);
			runOnlyForDeploymentPostprocessing = 0;
		};
/* End PBXFrameworksBuildPhase section */

/* Begin PBXGroup section */
		4468D47421729C6A005D2B45 = {
			isa = PBXGroup;
			children = (
				4468D47F21729C6A005D2B45 /* Flashcards */,
				4468D49421729C6D005D2B45 /* FlashcardsTests */,
				4468D49F21729C6D005D2B45 /* FlashcardsUITests */,
				4468D47E21729C6A005D2B45 /* Products */,
			);
			sourceTree = "<group>";
		};
		4468D47E21729C6A005D2B45 /* Products */ = {
			isa = PBXGroup;
			children = (
				4468D47D21729C6A005D2B45 /* Flashcards.app */,
				4468D49121729C6D005D2B45 /* FlashcardsTests.xctest */,
				4468D49C21729C6D005D2B45 /* FlashcardsUITests.xctest */,
			);
			name = Products;
			sourceTree = "<group>";
		};
		4468D47F21729C6A005D2B45 /* Flashcards */ = {
			isa = PBXGroup;
			children = (
				4468D48021729C6A005D2B45 /* AppDelegate.swift */,
				4468D48221729C6A005D2B45 /* ViewController.swift */,
				4468D48421729C6A005D2B45 /* Main.storyboard */,
				4468D48721729C6D005D2B45 /* Assets.xcassets */,
				4468D48921729C6D005D2B45 /* LaunchScreen.storyboard */,
				4468D48C21729C6D005D2B45 /* Info.plist */,
			);
			path = Flashcards;
			sourceTree = "<group>";
		};
		4468D49421729C6D005D2B45 /* FlashcardsTests */ = {
			isa = PBXGroup;
			children = (
				4468D49521729C6D005D2B45 /* FlashcardsTests.swift */,
				4468D49721729C6D005D2B45 /* Info.plist */,
			);
			path = FlashcardsTests;
			sourceTree = "<group>";
		};
		4468D49F21729C6D005D2B45 /* FlashcardsUITests */ = {
			isa = PBXGroup;
			children = (
				4468D4A021729C6D005D2B45 /* FlashcardsUITests.swift */,
				4468D4A221729C6D005D2B45 /* Info.plist */,
			);
			path = FlashcardsUITests;
			sourceTree = "<group>";
		};
/* End PBXGroup section */

/* Begin PBXNativeTarget section */
		4468D47C21729C6A005D2B45 /* Flashcards */ = {
			isa = PBXNativeTarget;
			buildConfigurationList = 4468D4A521729C6D005D2B45 /* Build configuration list for PBXNativeTarget "Flashcards" */;
			buildPhases = (
				4468D47921729C6A005D2B45 /* Sources */,
				4468D47A21729C6A005D2B45 /* Frameworks */,
				4468D47B21729C6A005D2B45 /* Resources */,
			);
			buildRules = (
			);
			dependencies = (
			);
			name = Flashcards;
			productName = Flashcards;
			productReference = 4468D47D21729C6A005D2B45 /* Flashcards.app */;
			productType = "com.apple.product-type.application";
		};
		4468D49021729C6D005D2B45 /* FlashcardsTests */ = {
			isa = PBXNativeTarget;
			buildConfigurationList = 4468D4A821729C6D005D2B45 /* Build configuration list for PBXNativeTarget "FlashcardsTests" */;
			buildPhases = (
				4468D48D21729C6D005D2B45 /* Sources */,
				4468D48E21729C6D005D2B45 /* Frameworks */,
				4468D48F21729C6D005D2B45 /* Resources */,
			);
			buildRules = (
			);
			dependencies = (
				4468D49321729C6D005D2B45 /* PBXTargetDependency */,
			);
			name = FlashcardsTests;
			productName = FlashcardsTests;
			productReference = 4468D49121729C6D005D2B45 /* FlashcardsTests.xctest */;
			productType = "com.apple.product-type.bundle.unit-test";
		};
		4468D49B21729C6D005D2B45 /* FlashcardsUITests */ = {
			isa = PBXNativeTarget;
			buildConfigurationList = 4468D4AB21729C6D005D2B45 /* Build configuration list for PBXNativeTarget "FlashcardsUITests" */;
			buildPhases = (
				4468D49821729C6D005D2B45 /* Sources */,
				4468D49921729C6D005D2B45 /* Frameworks */,
				4468D49A21729C6D005D2B45 /* Resources */,
			);
			buildRules = (
			);
			dependencies = (
				4468D49E21729C6D005D2B45 /* PBXTargetDependency */,
			);
			name = FlashcardsUITests;
			productName = FlashcardsUITests;
			productReference = 4468D49C21729C6D005D2B45 /* FlashcardsUITests.xctest */;
			productType = "com.apple.product-type.bundle.ui-testing";
		};
/* End PBXNativeTarget section */

/* Begin PBXProject section */
		4468D47521729C6A005D2B45 /* Project object */ = {
			isa = PBXProject;
			attributes = {
				LastSwiftUpdateCheck = 0940;
				LastUpgradeCheck = 0940;
				ORGANIZATIONNAME = "Priyanka Priyadarshini Mishra";
				TargetAttributes = {
					4468D47C21729C6A005D2B45 = {
						CreatedOnToolsVersion = 9.4.1;
					};
					4468D49021729C6D005D2B45 = {
						CreatedOnToolsVersion = 9.4.1;
						TestTargetID = 4468D47C21729C6A005D2B45;
					};
					4468D49B21729C6D005D2B45 = {
						CreatedOnToolsVersion = 9.4.1;
						TestTargetID = 4468D47C21729C6A005D2B45;
					};
				};
			};
			buildConfigurationList = 4468D47821729C6A005D2B45 /* Build configuration list for PBXProject "Flashcards" */;
			compatibilityVersion = "Xcode 9.3";
			developmentRegion = en;
			hasScannedForEncodings = 0;
			knownRegions = (
				en,
				Base,
			);
			mainGroup = 4468D47421729C6A005D2B45;
			productRefGroup = 4468D47E21729C6A005D2B45 /* Products */;
			projectDirPath = "";
			projectRoot = "";
			targets = (
				4468D47C21729C6A005D2B45 /* Flashcards */,
				4468D49021729C6D005D2B45 /* FlashcardsTests */,
				4468D49B21729C6D005D2B45 /* FlashcardsUITests */,
			);
		};
/* End PBXProject section */

/* Begin PBXResourcesBuildPhase section */
		4468D47B21729C6A005D2B45 /* Resources */ = {
			isa = PBXResourcesBuildPhase;
			buildActionMask = 2147483647;
			files = (
				4468D48B21729C6D005D2B45 /* LaunchScreen.storyboard in Resources */,
				4468D48821729C6D005D2B45 /* Assets.xcassets in Resources */,
				4468D48621729C6A005D2B45 /* Main.storyboard in Resources */,
			);
			runOnlyForDeploymentPostprocessing = 0;
		};
		4468D48F21729C6D005D2B45 /* Resources */ = {
			isa = PBXResourcesBuildPhase;
			buildActionMask = 2147483647;
			files = (
			);
			runOnlyForDeploymentPostprocessing = 0;
		};
		4468D49A21729C6D005D2B45 /* Resources */ = {
			isa = PBXResourcesBuildPhase;
			buildActionMask = 2147483647;
			files = (
			);
			runOnlyForDeploymentPostprocessing = 0;
		};
/* End PBXResourcesBuildPhase section */

/* Begin PBXSourcesBuildPhase section */
		4468D47921729C6A005D2B45 /* Sources */ = {
			isa = PBXSourcesBuildPhase;
			buildActionMask = 2147483647;
			files = (
				4468D48321729C6A005D2B45 /* ViewController.swift in Sources */,
				4468D48121729C6A005D2B45 /* AppDelegate.swift in Sources */,
			);
			runOnlyForDeploymentPostprocessing = 0;
		};
		4468D48D21729C6D005D2B45 /* Sources */ = {
			isa = PBXSourcesBuildPhase;
			buildActionMask = 2147483647;
			files = (
				4468D49621729C6D005D2B45 /* FlashcardsTests.swift in Sources */,
			);
			runOnlyForDeploymentPostprocessing = 0;
		};
		4468D49821729C6D005D2B45 /* Sources */ = {
			isa = PBXSourcesBuildPhase;
			buildActionMask = 2147483647;
			files = (
				4468D4A121729C6D005D2B45 /* FlashcardsUITests.swift in Sources */,
			);
			runOnlyForDeploymentPostprocessing = 0;
		};
/* End PBXSourcesBuildPhase section */

/* Begin PBXTargetDependency section */
		4468D49321729C6D005D2B45 /* PBXTargetDependency */ = {
			isa = PBXTargetDependency;
			target = 4468D47C21729C6A005D2B45 /* Flashcards */;
			targetProxy = 4468D49221729C6D005D2B45 /* PBXContainerItemProxy */;
		};
		4468D49E21729C6D005D2B45 /* PBXTargetDependency */ = {
			isa = PBXTargetDependency;
			target = 4468D47C21729C6A005D2B45 /* Flashcards */;
			targetProxy = 4468D49D21729C6D005D2B45 /* PBXContainerItemProxy */;
		};
/* End PBXTargetDependency section */

/* Begin PBXVariantGroup section */
		4468D48421729C6A005D2B45 /* Main.storyboard */ = {
			isa = PBXVariantGroup;
			children = (
				4468D48521729C6A005D2B45 /* Base */,
			);
			name = Main.storyboard;
			sourceTree = "<group>";
		};
		4468D48921729C6D005D2B45 /* LaunchScreen.storyboard */ = {
			isa = PBXVariantGroup;
			children = (
				4468D48A21729C6D005D2B45 /* Base */,
			);
			name = LaunchScreen.storyboard;
			sourceTree = "<group>";
		};
/* End PBXVariantGroup section */

/* Begin XCBuildConfiguration section */
		4468D4A321729C6D005D2B45 /* Debug */ = {
			isa = XCBuildConfiguration;
			buildSettings = {
				ALWAYS_SEARCH_USER_PATHS = NO;
				CLANG_ANALYZER_NONNULL = YES;
				CLANG_ANALYZER_NUMBER_OBJECT_CONVERSION = YES_AGGRESSIVE;
				CLANG_CXX_LANGUAGE_STANDARD = "gnu++14";
				CLANG_CXX_LIBRARY = "libc++";
				CLANG_ENABLE_MODULES = YES;
				CLANG_ENABLE_OBJC_ARC = YES;
				CLANG_ENABLE_OBJC_WEAK = YES;
				CLANG_WARN_BLOCK_CAPTURE_AUTORELEASING = YES;
				CLANG_WARN_BOOL_CONVERSION = YES;
				CLANG_WARN_COMMA = YES;
				CLANG_WARN_CONSTANT_CONVERSION = YES;
				CLANG_WARN_DEPRECATED_OBJC_IMPLEMENTATIONS = YES;
				CLANG_WARN_DIRECT_OBJC_ISA_USAGE = YES_ERROR;
				CLANG_WARN_DOCUMENTATION_COMMENTS = YES;
				CLANG_WARN_EMPTY_BODY = YES;
				CLANG_WARN_ENUM_CONVERSION = YES;
				CLANG_WARN_INFINITE_RECURSION = YES;
				CLANG_WARN_INT_CONVERSION = YES;
				CLANG_WARN_NON_LITERAL_NULL_CONVERSION = YES;
				CLANG_WARN_OBJC_IMPLICIT_RETAIN_SELF = YES;
				CLANG_WARN_OBJC_LITERAL_CONVERSION = YES;
				CLANG_WARN_OBJC_ROOT_CLASS = YES_ERROR;
				CLANG_WARN_RANGE_LOOP_ANALYSIS = YES;
				CLANG_WARN_STRICT_PROTOTYPES = YES;
				CLANG_WARN_SUSPICIOUS_MOVE = YES;
				CLANG_WARN_UNGUARDED_AVAILABILITY = YES_AGGRESSIVE;
				CLANG_WARN_UNREACHABLE_CODE = YES;
				CLANG_WARN__DUPLICATE_METHOD_MATCH = YES;
				CODE_SIGN_IDENTITY = "iPhone Developer";
				COPY_PHASE_STRIP = NO;
				DEBUG_INFORMATION_FORMAT = dwarf;
				ENABLE_STRICT_OBJC_MSGSEND = YES;
				ENABLE_TESTABILITY = YES;
				GCC_C_LANGUAGE_STANDARD = gnu11;
				GCC_DYNAMIC_NO_PIC = NO;
				GCC_NO_COMMON_BLOCKS = YES;
				GCC_OPTIMIZATION_LEVEL = 0;
				GCC_PREPROCESSOR_DEFINITIONS = (
					"DEBUG=1",
					"$(inherited)",
				);
				GCC_WARN_64_TO_32_BIT_CONVERSION = YES;
				GCC_WARN_ABOUT_RETURN_TYPE = YES_ERROR;
				GCC_WARN_UNDECLARED_SELECTOR = YES;
				GCC_WARN_UNINITIALIZED_AUTOS = YES_AGGRESSIVE;
				GCC_WARN_UNUSED_FUNCTION = YES;
				GCC_WARN_UNUSED_VARIABLE = YES;
				IPHONEOS_DEPLOYMENT_TARGET = 11.4;
				MTL_ENABLE_DEBUG_INFO = YES;
				ONLY_ACTIVE_ARCH = YES;
				SDKROOT = iphoneos;
				SWIFT_ACTIVE_COMPILATION_CONDITIONS = DEBUG;
				SWIFT_OPTIMIZATION_LEVEL = "-Onone";
			};
			name = Debug;
		};
		4468D4A421729C6D005D2B45 /* Release */ = {
			isa = XCBuildConfiguration;
			buildSettings = {
				ALWAYS_SEARCH_USER_PATHS = NO;
				CLANG_ANALYZER_NONNULL = YES;
				CLANG_ANALYZER_NUMBER_OBJECT_CONVERSION = YES_AGGRESSIVE;
				CLANG_CXX_LANGUAGE_STANDARD = "gnu++14";
				CLANG_CXX_LIBRARY = "libc++";
				CLANG_ENABLE_MODULES = YES;
				CLANG_ENABLE_OBJC_ARC = YES;
				CLANG_ENABLE_OBJC_WEAK = YES;
				CLANG_WARN_BLOCK_CAPTURE_AUTORELEASING = YES;
				CLANG_WARN_BOOL_CONVERSION = YES;
				CLANG_WARN_COMMA = YES;
				CLANG_WARN_CONSTANT_CONVERSION = YES;
				CLANG_WARN_DEPRECATED_OBJC_IMPLEMENTATIONS = YES;
				CLANG_WARN_DIRECT_OBJC_ISA_USAGE = YES_ERROR;
				CLANG_WARN_DOCUMENTATION_COMMENTS = YES;
				CLANG_WARN_EMPTY_BODY = YES;
				CLANG_WARN_ENUM_CONVERSION = YES;
				CLANG_WARN_INFINITE_RECURSION = YES;
				CLANG_WARN_INT_CONVERSION = YES;
				CLANG_WARN_NON_LITERAL_NULL_CONVERSION = YES;
				CLANG_WARN_OBJC_IMPLICIT_RETAIN_SELF = YES;
				CLANG_WARN_OBJC_LITERAL_CONVERSION = YES;
				CLANG_WARN_OBJC_ROOT_CLASS = YES_ERROR;
				CLANG_WARN_RANGE_LOOP_ANALYSIS = YES;
				CLANG_WARN_STRICT_PROTOTYPES = YES;
				CLANG_WARN_SUSPICIOUS_MOVE = YES;
				CLANG_WARN_UNGUARDED_AVAILABILITY = YES_AGGRESSIVE;
				CLANG_WARN_UNREACHABLE_CODE = YES;
				CLANG_WARN__DUPLICATE_METHOD_MATCH = YES;
				CODE_SIGN_IDENTITY = "iPhone Developer";
				COPY_PHASE_STRIP = NO;
				DEBUG_INFORMATION_FORMAT = "dwarf-with-dsym";
				ENABLE_NS_ASSERTIONS = NO;
				ENABLE_STRICT_OBJC_MSGSEND = YES;
				GCC_C_LANGUAGE_STANDARD = gnu11;
				GCC_NO_COMMON_BLOCKS = YES;
				GCC_WARN_64_TO_32_BIT_CONVERSION = YES;
				GCC_WARN_ABOUT_RETURN_TYPE = YES_ERROR;
				GCC_WARN_UNDECLARED_SELECTOR = YES;
				GCC_WARN_UNINITIALIZED_AUTOS = YES_AGGRESSIVE;
				GCC_WARN_UNUSED_FUNCTION = YES;
				GCC_WARN_UNUSED_VARIABLE = YES;
				IPHONEOS_DEPLOYMENT_TARGET = 11.4;
				MTL_ENABLE_DEBUG_INFO = NO;
				SDKROOT = iphoneos;
				SWIFT_COMPILATION_MODE = wholemodule;
				SWIFT_OPTIMIZATION_LEVEL = "-O";
				VALIDATE_PRODUCT = YES;
			};
			name = Release;
		};
		4468D4A621729C6D005D2B45 /* Debug */ = {
			isa = XCBuildConfiguration;
			buildSettings = {
				ASSETCATALOG_COMPILER_APPICON_NAME = AppIcon;
				CODE_SIGN_STYLE = Automatic;
				INFOPLIST_FILE = Flashcards/Info.plist;
				LD_RUNPATH_SEARCH_PATHS = (
					"$(inherited)",
					"@executable_path/Frameworks",
				);
				PRODUCT_BUNDLE_IDENTIFIER = com.priyankapmishra.Flashcards;
				PRODUCT_NAME = "$(TARGET_NAME)";
				SWIFT_VERSION = 4.0;
				TARGETED_DEVICE_FAMILY = "1,2";
			};
			name = Debug;
		};
		4468D4A721729C6D005D2B45 /* Release */ = {
			isa = XCBuildConfiguration;
			buildSettings = {
				ASSETCATALOG_COMPILER_APPICON_NAME = AppIcon;
				CODE_SIGN_STYLE = Automatic;
				INFOPLIST_FILE = Flashcards/Info.plist;
				LD_RUNPATH_SEARCH_PATHS = (
					"$(inherited)",
					"@executable_path/Frameworks",
				);
				PRODUCT_BUNDLE_IDENTIFIER = com.priyankapmishra.Flashcards;
				PRODUCT_NAME = "$(TARGET_NAME)";
				SWIFT_VERSION = 4.0;
				TARGETED_DEVICE_FAMILY = "1,2";
			};
			name = Release;
		};
		4468D4A921729C6D005D2B45 /* Debug */ = {
			isa = XCBuildConfiguration;
			buildSettings = {
				ALWAYS_EMBED_SWIFT_STANDARD_LIBRARIES = YES;
				BUNDLE_LOADER = "$(TEST_HOST)";
				CODE_SIGN_STYLE = Automatic;
				INFOPLIST_FILE = FlashcardsTests/Info.plist;
				LD_RUNPATH_SEARCH_PATHS = (
					"$(inherited)",
					"@executable_path/Frameworks",
					"@loader_path/Frameworks",
				);
				PRODUCT_BUNDLE_IDENTIFIER = com.priyankapmishra.FlashcardsTests;
				PRODUCT_NAME = "$(TARGET_NAME)";
				SWIFT_VERSION = 4.0;
				TARGETED_DEVICE_FAMILY = "1,2";
				TEST_HOST = "$(BUILT_PRODUCTS_DIR)/Flashcards.app/Flashcards";
			};
			name = Debug;
		};
		4468D4AA21729C6D005D2B45 /* Release */ = {
			isa = XCBuildConfiguration;
			buildSettings = {
				ALWAYS_EMBED_SWIFT_STANDARD_LIBRARIES = YES;
				BUNDLE_LOADER = "$(TEST_HOST)";
				CODE_SIGN_STYLE = Automatic;
				INFOPLIST_FILE = FlashcardsTests/Info.plist;
				LD_RUNPATH_SEARCH_PATHS = (
					"$(inherited)",
					"@executable_path/Frameworks",
					"@loader_path/Frameworks",
				);
				PRODUCT_BUNDLE_IDENTIFIER = com.priyankapmishra.FlashcardsTests;
				PRODUCT_NAME = "$(TARGET_NAME)";
				SWIFT_VERSION = 4.0;
				TARGETED_DEVICE_FAMILY = "1,2";
				TEST_HOST = "$(BUILT_PRODUCTS_DIR)/Flashcards.app/Flashcards";
			};
			name = Release;
		};
		4468D4AC21729C6D005D2B45 /* Debug */ = {
			isa = XCBuildConfiguration;
			buildSettings = {
				ALWAYS_EMBED_SWIFT_STANDARD_LIBRARIES = YES;
				CODE_SIGN_STYLE = Automatic;
				INFOPLIST_FILE = FlashcardsUITests/Info.plist;
				LD_RUNPATH_SEARCH_PATHS = (
					"$(inherited)",
					"@executable_path/Frameworks",
					"@loader_path/Frameworks",
				);
				PRODUCT_BUNDLE_IDENTIFIER = com.priyankapmishra.FlashcardsUITests;
				PRODUCT_NAME = "$(TARGET_NAME)";
				SWIFT_VERSION = 4.0;
				TARGETED_DEVICE_FAMILY = "1,2";
				TEST_TARGET_NAME = Flashcards;
			};
			name = Debug;
		};
		4468D4AD21729C6D005D2B45 /* Release */ = {
			isa = XCBuildConfiguration;
			buildSettings = {
				ALWAYS_EMBED_SWIFT_STANDARD_LIBRARIES = YES;
				CODE_SIGN_STYLE = Automatic;
				INFOPLIST_FILE = FlashcardsUITests/Info.plist;
				LD_RUNPATH_SEARCH_PATHS = (
					"$(inherited)",
					"@executable_path/Frameworks",
					"@loader_path/Frameworks",
				);
				PRODUCT_BUNDLE_IDENTIFIER = com.priyankapmishra.FlashcardsUITests;
				PRODUCT_NAME = "$(TARGET_NAME)";
				SWIFT_VERSION = 4.0;
				TARGETED_DEVICE_FAMILY = "1,2";
				TEST_TARGET_NAME = Flashcards;
			};
			name = Release;
		};
/* End XCBuildConfiguration section */

/* Begin XCConfigurationList section */
		4468D47821729C6A005D2B45 /* Build configuration list for PBXProject "Flashcards" */ = {
			isa = XCConfigurationList;
			buildConfigurations = (
				4468D4A321729C6D005D2B45 /* Debug */,
				4468D4A421729C6D005D2B45 /* Release */,
			);
			defaultConfigurationIsVisible = 0;
			defaultConfigurationName = Release;
		};
		4468D4A521729C6D005D2B45 /* Build configuration list for PBXNativeTarget "Flashcards" */ = {
			isa = XCConfigurationList;
			buildConfigurations = (
				4468D4A621729C6D005D2B45 /* Debug */,
				4468D4A721729C6D005D2B45 /* Release */,
			);
			defaultConfigurationIsVisible = 0;
			defaultConfigurationName = Release;
		};
		4468D4A821729C6D005D2B45 /* Build configuration list for PBXNativeTarget "FlashcardsTests" */ = {
			isa = XCConfigurationList;
			buildConfigurations = (
				4468D4A921729C6D005D2B45 /* Debug */,
				4468D4AA21729C6D005D2B45 /* Release */,
			);
			defaultConfigurationIsVisible = 0;
			defaultConfigurationName = Release;
		};
		4468D4AB21729C6D005D2B45 /* Build configuration list for PBXNativeTarget "FlashcardsUITests" */ = {
			isa = XCConfigurationList;
			buildConfigurations = (
				4468D4AC21729C6D005D2B45 /* Debug */,
				4468D4AD21729C6D005D2B45 /* Release */,
			);
			defaultConfigurationIsVisible = 0;
			defaultConfigurationName = Release;
		};
/* End XCConfigurationList section */
	};
	rootObject = 4468D47521729C6A005D2B45 /* Project object */;
}
